Microsoft Visual Studio Solution File, Format Version 12.00
# Visual Studio Version 17
VisualStudioVersion = 17.5.2.0
MinimumVisualStudioVersion = 10.0.40219.1
Project("{2150E333-8FDC-42A3-9474-1A3956D46DE8}") = "addins", "addins", "{19A77816-F4A5-9C94-30B3-D22F513C9C48}"
EndProject
Project("{FAE04EC0-301F-11D3-BF4B-00C04F79EFBC}") = "GeoMacroAddin", "addins\GeoMacroAddin\GeoMacroAddin.csproj", "{091DEB21-9B06-8393-CD9A-2472C61F529E}"
EndProject
Global
	GlobalSection(SolutionConfigurationPlatforms) = preSolution
		Debug|Any CPU = Debug|Any CPU
		Release|Any CPU = Release|Any CPU
	EndGlobalSection
	GlobalSection(ProjectConfigurationPlatforms) = postSolution
		{091DEB21-9B06-8393-CD9A-2472C61F529E}.Debug|Any CPU.ActiveCfg = Debug|Any CPU
		{091DEB21-9B06-8393-CD9A-2472C61F529E}.Debug|Any CPU.Build.0 = Debug|Any CPU
		{091DEB21-9B06-8393-CD9A-2472C61F529E}.Release|Any CPU.ActiveCfg = Release|Any CPU
		{091DEB21-9B06-8393-CD9A-2472C61F529E}.Release|Any CPU.Build.0 = Release|Any CPU
	EndGlobalSection
	GlobalSection(SolutionProperties) = preSolution
		HideSolutionNode = FALSE
	EndGlobalSection
	GlobalSection(NestedProjects) = preSolution
		{091DEB21-9B06-8393-CD9A-2472C61F529E} = {19A77816-F4A5-9C94-30B3-D22F513C9C48}
	EndGlobalSection
	GlobalSection(ExtensibilityGlobals) = postSolution
		SolutionGuid = {37D849A0-9774-4F5A-9056-80E261A7C7BE}
	EndGlobalSection
EndGlobal
